
Microsoft Visual Studio Solution File, Format Version 12.00
# Visual Studio Version 17
VisualStudioVersion = 17.7.34024.191
MinimumVisualStudioVersion = 10.0.40219.1
Project("{FAE04EC0-301F-11D3-BF4B-00C04F79EFBC}") = "ApiGogoDriver", "ApiGogoDriver\ApiGogoDriver.csproj", "{43FCA05B-C358-4048-8BA2-F98CCD40932F}"
EndProject
Project("{FAE04EC0-301F-11D3-BF4B-00C04F79EFBC}") = "GogoDriverAdmin", "GogoDriverAdmin\GogoDriverAdmin.csproj", "{C4AC1729-67C0-483D-8F88-750B9A921D3D}"
EndProject
Project("{FAE04EC0-301F-11D3-BF4B-00C04F79EFBC}") = "GogoDriverWeb", "GogoDriverWeb\GogoDriverWeb.csproj", "{44E4B5F6-0898-4812-8E81-0363B02355C6}"
EndProject
Project("{FAE04EC0-301F-11D3-BF4B-00C04F79EFBC}") = "Domain", "Domain\Domain.csproj", "{F020A7A0-A595-4A88-8516-CACD367AD913}"
EndProject
Global
	GlobalSection(SolutionConfigurationPlatforms) = preSolution
		Debug|Any CPU = Debug|Any CPU
		Release|Any CPU = Release|Any CPU
	EndGlobalSection
	GlobalSection(ProjectConfigurationPlatforms) = postSolution
		{43FCA05B-C358-4048-8BA2-F98CCD40932F}.Debug|Any CPU.ActiveCfg = Debug|Any CPU
		{43FCA05B-C358-4048-8BA2-F98CCD40932F}.Debug|Any CPU.Build.0 = Debug|Any CPU
		{43FCA05B-C358-4048-8BA2-F98CCD40932F}.Release|Any CPU.ActiveCfg = Release|Any CPU
		{43FCA05B-C358-4048-8BA2-F98CCD40932F}.Release|Any CPU.Build.0 = Release|Any CPU
		{C4AC1729-67C0-483D-8F88-750B9A921D3D}.Debug|Any CPU.ActiveCfg = Debug|Any CPU
		{C4AC1729-67C0-483D-8F88-750B9A921D3D}.Debug|Any CPU.Build.0 = Debug|Any CPU
		{C4AC1729-67C0-483D-8F88-750B9A921D3D}.Release|Any CPU.ActiveCfg = Release|Any CPU
		{C4AC1729-67C0-483D-8F88-750B9A921D3D}.Release|Any CPU.Build.0 = Release|Any CPU
		{44E4B5F6-0898-4812-8E81-0363B02355C6}.Debug|Any CPU.ActiveCfg = Debug|Any CPU
		{44E4B5F6-0898-4812-8E81-0363B02355C6}.Debug|Any CPU.Build.0 = Debug|Any CPU
		{44E4B5F6-0898-4812-8E81-0363B02355C6}.Release|Any CPU.ActiveCfg = Release|Any CPU
		{44E4B5F6-0898-4812-8E81-0363B02355C6}.Release|Any CPU.Build.0 = Release|Any CPU
		{F020A7A0-A595-4A88-8516-CACD367AD913}.Debug|Any CPU.ActiveCfg = Debug|Any CPU
		{F020A7A0-A595-4A88-8516-CACD367AD913}.Debug|Any CPU.Build.0 = Debug|Any CPU
		{F020A7A0-A595-4A88-8516-CACD367AD913}.Release|Any CPU.ActiveCfg = Release|Any CPU
		{F020A7A0-A595-4A88-8516-CACD367AD913}.Release|Any CPU.Build.0 = Release|Any CPU
	EndGlobalSection
	GlobalSection(SolutionProperties) = preSolution
		HideSolutionNode = FALSE
	EndGlobalSection
	GlobalSection(ExtensibilityGlobals) = postSolution
		SolutionGuid = {B2E68781-45F7-4CE5-8C40-6B7A0E4C39AF}
	EndGlobalSection
EndGlobal
